
Microsoft Visual Studio Solution File, Format Version 12.00
# Visual Studio 15
VisualStudioVersion = 15.0.27130.2024
MinimumVisualStudioVersion = 10.0.40219.1
Project("{FAE04EC0-301F-11D3-BF4B-00C04F79EFBC}") = "OfficeGraphTest", "OfficeGraphTest\OfficeGraphTest.csproj", "{6BA9AE7D-DDD4-403D-8860-3C220D77C350}"
EndProject
Project("{2150E333-8FDC-42A3-9474-1A3956D46DE8}") = "10 Presentation Layer", "10 Presentation Layer", "{89060004-4C0F-45F9-8B6B-4298D05A62F9}"
EndProject
Project("{2150E333-8FDC-42A3-9474-1A3956D46DE8}") = "20 Business Layer", "20 Business Layer", "{571D6F3A-0380-4F03-9A2B-B5FFFD5DC9D0}"
EndProject
Project("{2150E333-8FDC-42A3-9474-1A3956D46DE8}") = "30 Domain Layer", "30 Domain Layer", "{762616A3-AC52-45DE-81ED-DC163C9AE518}"
EndProject
Project("{2150E333-8FDC-42A3-9474-1A3956D46DE8}") = "40 Data Layer", "40 Data Layer", "{7DDA6A0B-E9E7-43B9-B1C7-798C0AA63591}"
EndProject
Project("{2150E333-8FDC-42A3-9474-1A3956D46DE8}") = "50 Cross-Cutting Layer", "50 Cross-Cutting Layer", "{3D4A1E66-32AE-4DDE-802F-6FFCD4A47086}"
EndProject
Project("{FAE04EC0-301F-11D3-BF4B-00C04F79EFBC}") = "OfficeGraphTest.CrossCutting.TestHelpers", "OfficeGraphTest.CrossCutting.TestHElpers\OfficeGraphTest.CrossCutting.TestHelpers.csproj", "{5AA12869-02BE-4F9C-A872-11E811D2C247}"
EndProject
Project("{FAE04EC0-301F-11D3-BF4B-00C04F79EFBC}") = "OfficeGraphTest.Domain", "OfficeGraphTest.Domain\OfficeGraphTest.Domain.csproj", "{283D7A4F-66A7-4E43-9045-B9B82617EA6E}"
EndProject
Project("{FAE04EC0-301F-11D3-BF4B-00C04F79EFBC}") = "OfficeGraphTest.Business", "OfficeGraphTest.Business\OfficeGraphTest.Business.csproj", "{37F53940-BF2E-459E-BD3F-C6F94497D6CF}"
EndProject
Project("{FAE04EC0-301F-11D3-BF4B-00C04F79EFBC}") = "OfficeGraphTest.Business.UnitTests", "OfficeGraphTest.Business.UnitTests\OfficeGraphTest.Business.UnitTests.csproj", "{F297293E-6F49-4ACB-B1A6-8BF6F548C35E}"
EndProject
Project("{FAE04EC0-301F-11D3-BF4B-00C04F79EFBC}") = "OfficeGraphTest.Data.Http", "OfficeGraphTest.Data.Http\OfficeGraphTest.Data.Http.csproj", "{029A0FDB-FA3E-4CAE-A803-54A928948BD0}"
EndProject
Project("{FAE04EC0-301F-11D3-BF4B-00C04F79EFBC}") = "OfficeGraphExplorer", "OfficeGraphExplorer\OfficeGraphExplorer.csproj", "{456183A7-17A8-4AE5-BE45-5C49DDF725B3}"
EndProject
Project("{FAE04EC0-301F-11D3-BF4B-00C04F79EFBC}") = "OfficeGraphTest.Data.File", "OfficeGraphTest.Data.File\OfficeGraphTest.Data.File.csproj", "{F952F0A1-2BF2-4751-B1D8-BD248341A360}"
EndProject
Project("{FAE04EC0-301F-11D3-BF4B-00C04F79EFBC}") = "OfficeGraphTest.Data.Fakes", "OfficeGraphTest.Data.Fakes\OfficeGraphTest.Data.Fakes.csproj", "{16B8B7AE-2A18-44D8-84C7-026230205A61}"
EndProject
Global
	GlobalSection(SolutionConfigurationPlatforms) = preSolution
		Debug|Any CPU = Debug|Any CPU
		Release|Any CPU = Release|Any CPU
	EndGlobalSection
	GlobalSection(ProjectConfigurationPlatforms) = postSolution
		{6BA9AE7D-DDD4-403D-8860-3C220D77C350}.Debug|Any CPU.ActiveCfg = Debug|Any CPU
		{6BA9AE7D-DDD4-403D-8860-3C220D77C350}.Debug|Any CPU.Build.0 = Debug|Any CPU
		{6BA9AE7D-DDD4-403D-8860-3C220D77C350}.Release|Any CPU.ActiveCfg = Release|Any CPU
		{6BA9AE7D-DDD4-403D-8860-3C220D77C350}.Release|Any CPU.Build.0 = Release|Any CPU
		{5AA12869-02BE-4F9C-A872-11E811D2C247}.Debug|Any CPU.ActiveCfg = Debug|Any CPU
		{5AA12869-02BE-4F9C-A872-11E811D2C247}.Debug|Any CPU.Build.0 = Debug|Any CPU
		{5AA12869-02BE-4F9C-A872-11E811D2C247}.Release|Any CPU.ActiveCfg = Release|Any CPU
		{5AA12869-02BE-4F9C-A872-11E811D2C247}.Release|Any CPU.Build.0 = Release|Any CPU
		{283D7A4F-66A7-4E43-9045-B9B82617EA6E}.Debug|Any CPU.ActiveCfg = Debug|Any CPU
		{283D7A4F-66A7-4E43-9045-B9B82617EA6E}.Debug|Any CPU.Build.0 = Debug|Any CPU
		{283D7A4F-66A7-4E43-9045-B9B82617EA6E}.Release|Any CPU.ActiveCfg = Release|Any CPU
		{283D7A4F-66A7-4E43-9045-B9B82617EA6E}.Release|Any CPU.Build.0 = Release|Any CPU
		{37F53940-BF2E-459E-BD3F-C6F94497D6CF}.Debug|Any CPU.ActiveCfg = Debug|Any CPU
		{37F53940-BF2E-459E-BD3F-C6F94497D6CF}.Debug|Any CPU.Build.0 = Debug|Any CPU
		{37F53940-BF2E-459E-BD3F-C6F94497D6CF}.Release|Any CPU.ActiveCfg = Release|Any CPU
		{37F53940-BF2E-459E-BD3F-C6F94497D6CF}.Release|Any CPU.Build.0 = Release|Any CPU
		{F297293E-6F49-4ACB-B1A6-8BF6F548C35E}.Debug|Any CPU.ActiveCfg = Debug|Any CPU
		{F297293E-6F49-4ACB-B1A6-8BF6F548C35E}.Debug|Any CPU.Build.0 = Debug|Any CPU
		{F297293E-6F49-4ACB-B1A6-8BF6F548C35E}.Release|Any CPU.ActiveCfg = Release|Any CPU
		{F297293E-6F49-4ACB-B1A6-8BF6F548C35E}.Release|Any CPU.Build.0 = Release|Any CPU
		{029A0FDB-FA3E-4CAE-A803-54A928948BD0}.Debug|Any CPU.ActiveCfg = Debug|Any CPU
		{029A0FDB-FA3E-4CAE-A803-54A928948BD0}.Debug|Any CPU.Build.0 = Debug|Any CPU
		{029A0FDB-FA3E-4CAE-A803-54A928948BD0}.Release|Any CPU.ActiveCfg = Release|Any CPU
		{029A0FDB-FA3E-4CAE-A803-54A928948BD0}.Release|Any CPU.Build.0 = Release|Any CPU
		{456183A7-17A8-4AE5-BE45-5C49DDF725B3}.Debug|Any CPU.ActiveCfg = Debug|Any CPU
		{456183A7-17A8-4AE5-BE45-5C49DDF725B3}.Debug|Any CPU.Build.0 = Debug|Any CPU
		{456183A7-17A8-4AE5-BE45-5C49DDF725B3}.Release|Any CPU.ActiveCfg = Release|Any CPU
		{456183A7-17A8-4AE5-BE45-5C49DDF725B3}.Release|Any CPU.Build.0 = Release|Any CPU
		{F952F0A1-2BF2-4751-B1D8-BD248341A360}.Debug|Any CPU.ActiveCfg = Debug|Any CPU
		{F952F0A1-2BF2-4751-B1D8-BD248341A360}.Debug|Any CPU.Build.0 = Debug|Any CPU
		{F952F0A1-2BF2-4751-B1D8-BD248341A360}.Release|Any CPU.ActiveCfg = Release|Any CPU
		{F952F0A1-2BF2-4751-B1D8-BD248341A360}.Release|Any CPU.Build.0 = Release|Any CPU
		{16B8B7AE-2A18-44D8-84C7-026230205A61}.Debug|Any CPU.ActiveCfg = Debug|Any CPU
		{16B8B7AE-2A18-44D8-84C7-026230205A61}.Debug|Any CPU.Build.0 = Debug|Any CPU
		{16B8B7AE-2A18-44D8-84C7-026230205A61}.Release|Any CPU.ActiveCfg = Release|Any CPU
		{16B8B7AE-2A18-44D8-84C7-026230205A61}.Release|Any CPU.Build.0 = Release|Any CPU
	EndGlobalSection
	GlobalSection(SolutionProperties) = preSolution
		HideSolutionNode = FALSE
	EndGlobalSection
	GlobalSection(NestedProjects) = preSolution
		{6BA9AE7D-DDD4-403D-8860-3C220D77C350} = {89060004-4C0F-45F9-8B6B-4298D05A62F9}
		{5AA12869-02BE-4F9C-A872-11E811D2C247} = {3D4A1E66-32AE-4DDE-802F-6FFCD4A47086}
		{283D7A4F-66A7-4E43-9045-B9B82617EA6E} = {762616A3-AC52-45DE-81ED-DC163C9AE518}
		{37F53940-BF2E-459E-BD3F-C6F94497D6CF} = {571D6F3A-0380-4F03-9A2B-B5FFFD5DC9D0}
		{F297293E-6F49-4ACB-B1A6-8BF6F548C35E} = {571D6F3A-0380-4F03-9A2B-B5FFFD5DC9D0}
		{029A0FDB-FA3E-4CAE-A803-54A928948BD0} = {7DDA6A0B-E9E7-43B9-B1C7-798C0AA63591}
		{456183A7-17A8-4AE5-BE45-5C49DDF725B3} = {89060004-4C0F-45F9-8B6B-4298D05A62F9}
		{F952F0A1-2BF2-4751-B1D8-BD248341A360} = {7DDA6A0B-E9E7-43B9-B1C7-798C0AA63591}
		{16B8B7AE-2A18-44D8-84C7-026230205A61} = {7DDA6A0B-E9E7-43B9-B1C7-798C0AA63591}
	EndGlobalSection
	GlobalSection(ExtensibilityGlobals) = postSolution
		SolutionGuid = {1896FDEB-3C5E-4C7C-9352-3A40201115FC}
	EndGlobalSection
EndGlobal
